// !$*UTF8*$!
{
	archiveVersion = 1;
	classes = {
	};
	objectVersion = 56;
	objects = {

/* Begin PBXBuildFile section */
		7612ABA62C3418D800C1AB7A /* RealmSwift in Frameworks */ = {isa = PBXBuildFile; productRef = 7612ABA52C3418D800C1AB7A /* RealmSwift */; };
		7612ABA72C34193200C1AB7A /* RealmSwift in Embed Frameworks */ = {isa = PBXBuildFile; productRef = 7612ABA52C3418D800C1AB7A /* RealmSwift */; settings = {ATTRIBUTES = (CodeSignOnCopy, ); }; };
		768C2D452C33DE2F00B3C55C /* AppDelegate.swift in Sources */ = {isa = PBXBuildFile; fileRef = 768C2D442C33DE2F00B3C55C /* AppDelegate.swift */; };
		768C2D472C33DE2F00B3C55C /* SceneDelegate.swift in Sources */ = {isa = PBXBuildFile; fileRef = 768C2D462C33DE2F00B3C55C /* SceneDelegate.swift */; };
		768C2D4E2C33DE3000B3C55C /* Assets.xcassets in Resources */ = {isa = PBXBuildFile; fileRef = 768C2D4D2C33DE3000B3C55C /* Assets.xcassets */; };
		768C2D512C33DE3000B3C55C /* LaunchScreen.storyboard in Resources */ = {isa = PBXBuildFile; fileRef = 768C2D4F2C33DE3000B3C55C /* LaunchScreen.storyboard */; };
		768C2D5E2C33DF3100B3C55C /* BaseView.swift in Sources */ = {isa = PBXBuildFile; fileRef = 768C2D5D2C33DF3100B3C55C /* BaseView.swift */; };
		768C2D612C33DF4600B3C55C /* SnapKit in Frameworks */ = {isa = PBXBuildFile; productRef = 768C2D602C33DF4600B3C55C /* SnapKit */; };
		768C2D682C33E05B00B3C55C /* ReuseIdentifier.swift in Sources */ = {isa = PBXBuildFile; fileRef = 768C2D672C33E05B00B3C55C /* ReuseIdentifier.swift */; };
		768C2D6A2C33E27300B3C55C /* BaseViewController.swift in Sources */ = {isa = PBXBuildFile; fileRef = 768C2D692C33E27300B3C55C /* BaseViewController.swift */; };
		768C2D6C2C33E37700B3C55C /* ListTableViewCell.swift in Sources */ = {isa = PBXBuildFile; fileRef = 768C2D6B2C33E37700B3C55C /* ListTableViewCell.swift */; };
		768C2D6E2C33E43E00B3C55C /* GrayTextLabel.swift in Sources */ = {isa = PBXBuildFile; fileRef = 768C2D6D2C33E43E00B3C55C /* GrayTextLabel.swift */; };
		768C2D702C33E60A00B3C55C /* BaseTableViewCell.swift in Sources */ = {isa = PBXBuildFile; fileRef = 768C2D6F2C33E60A00B3C55C /* BaseTableViewCell.swift */; };
		768C2D722C33E6E900B3C55C /* ListRootView.swift in Sources */ = {isa = PBXBuildFile; fileRef = 768C2D712C33E6E900B3C55C /* ListRootView.swift */; };
		768C2D742C33E8DA00B3C55C /* ListViewController.swift in Sources */ = {isa = PBXBuildFile; fileRef = 768C2D732C33E8DA00B3C55C /* ListViewController.swift */; };
		768C2D7C2C33ED4600B3C55C /* WhiteBackgroundView.swift in Sources */ = {isa = PBXBuildFile; fileRef = 768C2D7B2C33ED4600B3C55C /* WhiteBackgroundView.swift */; };
		768C2D7E2C33EDAC00B3C55C /* CreateRootView.swift in Sources */ = {isa = PBXBuildFile; fileRef = 768C2D7D2C33EDAC00B3C55C /* CreateRootView.swift */; };
		768C2D802C33F24A00B3C55C /* CreateTableViewCell.swift in Sources */ = {isa = PBXBuildFile; fileRef = 768C2D7F2C33F24A00B3C55C /* CreateTableViewCell.swift */; };
		768C2D822C33F61500B3C55C /* CreateViewController.swift in Sources */ = {isa = PBXBuildFile; fileRef = 768C2D812C33F61500B3C55C /* CreateViewController.swift */; };
		768C2D8C2C3400B200B3C55C /* ToDoModel.swift in Sources */ = {isa = PBXBuildFile; fileRef = 768C2D8B2C3400B200B3C55C /* ToDoModel.swift */; };
		768C2D8E2C34015C00B3C55C /* ToDoManager.swift in Sources */ = {isa = PBXBuildFile; fileRef = 768C2D8D2C34015C00B3C55C /* ToDoManager.swift */; };
/* End PBXBuildFile section */

/* Begin PBXCopyFilesBuildPhase section */
		7612ABA82C34193200C1AB7A /* Embed Frameworks */ = {
			isa = PBXCopyFilesBuildPhase;
			buildActionMask = 2147483647;
			dstPath = "";
			dstSubfolderSpec = 10;
			files = (
				7612ABA72C34193200C1AB7A /* RealmSwift in Embed Frameworks */,
			);
			name = "Embed Frameworks";
			runOnlyForDeploymentPostprocessing = 0;
		};
/* End PBXCopyFilesBuildPhase section */

/* Begin PBXFileReference section */
		768C2D412C33DE2F00B3C55C /* ToDo.app */ = {isa = PBXFileReference; explicitFileType = wrapper.application; includeInIndex = 0; path = ToDo.app; sourceTree = BUILT_PRODUCTS_DIR; };
		768C2D442C33DE2F00B3C55C /* AppDelegate.swift */ = {isa = PBXFileReference; lastKnownFileType = sourcecode.swift; path = AppDelegate.swift; sourceTree = "<group>"; };
		768C2D462C33DE2F00B3C55C /* SceneDelegate.swift */ = {isa = PBXFileReference; lastKnownFileType = sourcecode.swift; path = SceneDelegate.swift; sourceTree = "<group>"; };
		768C2D4D2C33DE3000B3C55C /* Assets.xcassets */ = {isa = PBXFileReference; lastKnownFileType = folder.assetcatalog; path = Assets.xcassets; sourceTree = "<group>"; };
		768C2D502C33DE3000B3C55C /* Base */ = {isa = PBXFileReference; lastKnownFileType = file.storyboard; name = Base; path = Base.lproj/LaunchScreen.storyboard; sourceTree = "<group>"; };
		768C2D522C33DE3000B3C55C /* Info.plist */ = {isa = PBXFileReference; lastKnownFileType = text.plist.xml; path = Info.plist; sourceTree = "<group>"; };
		768C2D5D2C33DF3100B3C55C /* BaseView.swift */ = {isa = PBXFileReference; lastKnownFileType = sourcecode.swift; path = BaseView.swift; sourceTree = "<group>"; };
		768C2D672C33E05B00B3C55C /* ReuseIdentifier.swift */ = {isa = PBXFileReference; lastKnownFileType = sourcecode.swift; path = ReuseIdentifier.swift; sourceTree = "<group>"; };
		768C2D692C33E27300B3C55C /* BaseViewController.swift */ = {isa = PBXFileReference; lastKnownFileType = sourcecode.swift; path = BaseViewController.swift; sourceTree = "<group>"; };
		768C2D6B2C33E37700B3C55C /* ListTableViewCell.swift */ = {isa = PBXFileReference; lastKnownFileType = sourcecode.swift; path = ListTableViewCell.swift; sourceTree = "<group>"; };
		768C2D6D2C33E43E00B3C55C /* GrayTextLabel.swift */ = {isa = PBXFileReference; lastKnownFileType = sourcecode.swift; path = GrayTextLabel.swift; sourceTree = "<group>"; };
		768C2D6F2C33E60A00B3C55C /* BaseTableViewCell.swift */ = {isa = PBXFileReference; lastKnownFileType = sourcecode.swift; path = BaseTableViewCell.swift; sourceTree = "<group>"; };
		768C2D712C33E6E900B3C55C /* ListRootView.swift */ = {isa = PBXFileReference; lastKnownFileType = sourcecode.swift; path = ListRootView.swift; sourceTree = "<group>"; };
		768C2D732C33E8DA00B3C55C /* ListViewController.swift */ = {isa = PBXFileReference; lastKnownFileType = sourcecode.swift; path = ListViewController.swift; sourceTree = "<group>"; };
		768C2D7B2C33ED4600B3C55C /* WhiteBackgroundView.swift */ = {isa = PBXFileReference; lastKnownFileType = sourcecode.swift; path = WhiteBackgroundView.swift; sourceTree = "<group>"; };
		768C2D7D2C33EDAC00B3C55C /* CreateRootView.swift */ = {isa = PBXFileReference; lastKnownFileType = sourcecode.swift; path = CreateRootView.swift; sourceTree = "<group>"; };
		768C2D7F2C33F24A00B3C55C /* CreateTableViewCell.swift */ = {isa = PBXFileReference; lastKnownFileType = sourcecode.swift; path = CreateTableViewCell.swift; sourceTree = "<group>"; };
		768C2D812C33F61500B3C55C /* CreateViewController.swift */ = {isa = PBXFileReference; lastKnownFileType = sourcecode.swift; path = CreateViewController.swift; sourceTree = "<group>"; };
		768C2D8B2C3400B200B3C55C /* ToDoModel.swift */ = {isa = PBXFileReference; lastKnownFileType = sourcecode.swift; path = ToDoModel.swift; sourceTree = "<group>"; };
		768C2D8D2C34015C00B3C55C /* ToDoManager.swift */ = {isa = PBXFileReference; lastKnownFileType = sourcecode.swift; path = ToDoManager.swift; sourceTree = "<group>"; };
/* End PBXFileReference section */

/* Begin PBXFrameworksBuildPhase section */
		768C2D3E2C33DE2F00B3C55C /* Frameworks */ = {
			isa = PBXFrameworksBuildPhase;
			buildActionMask = 2147483647;
			files = (
				7612ABA62C3418D800C1AB7A /* RealmSwift in Frameworks */,
				768C2D612C33DF4600B3C55C /* SnapKit in Frameworks */,
			);
			runOnlyForDeploymentPostprocessing = 0;
		};
/* End PBXFrameworksBuildPhase section */

/* Begin PBXGroup section */
		768C2D382C33DE2F00B3C55C = {
			isa = PBXGroup;
			children = (
				768C2D432C33DE2F00B3C55C /* ToDo */,
				768C2D422C33DE2F00B3C55C /* Products */,
			);
			sourceTree = "<group>";
		};
		768C2D422C33DE2F00B3C55C /* Products */ = {
			isa = PBXGroup;
			children = (
				768C2D412C33DE2F00B3C55C /* ToDo.app */,
			);
			name = Products;
			sourceTree = "<group>";
		};
		768C2D432C33DE2F00B3C55C /* ToDo */ = {
			isa = PBXGroup;
			children = (
				768C2D662C33E03E00B3C55C /* Protocol */,
				768C2D5C2C33DF2700B3C55C /* Base */,
				768C2D7A2C33ECF500B3C55C /* CustomView */,
				768C2D862C34006100B3C55C /* ToDoManager */,
				768C2D762C33EBBF00B3C55C /* Create */,
				768C2D582C33DE8500B3C55C /* List */,
				768C2D442C33DE2F00B3C55C /* AppDelegate.swift */,
				768C2D462C33DE2F00B3C55C /* SceneDelegate.swift */,
				768C2D4D2C33DE3000B3C55C /* Assets.xcassets */,
				768C2D4F2C33DE3000B3C55C /* LaunchScreen.storyboard */,
				768C2D522C33DE3000B3C55C /* Info.plist */,
			);
			path = ToDo;
			sourceTree = "<group>";
		};
		768C2D582C33DE8500B3C55C /* List */ = {
			isa = PBXGroup;
			children = (
				768C2D5B2C33DF0E00B3C55C /* Views */,
				768C2D5A2C33DF0600B3C55C /* Controllers */,
			);
			path = List;
			sourceTree = "<group>";
		};
		768C2D5A2C33DF0600B3C55C /* Controllers */ = {
			isa = PBXGroup;
			children = (
				768C2D732C33E8DA00B3C55C /* ListViewController.swift */,
			);
			path = Controllers;
			sourceTree = "<group>";
		};
		768C2D5B2C33DF0E00B3C55C /* Views */ = {
			isa = PBXGroup;
			children = (
				768C2D6B2C33E37700B3C55C /* ListTableViewCell.swift */,
				768C2D712C33E6E900B3C55C /* ListRootView.swift */,
			);
			path = Views;
			sourceTree = "<group>";
		};
		768C2D5C2C33DF2700B3C55C /* Base */ = {
			isa = PBXGroup;
			children = (
				768C2D5D2C33DF3100B3C55C /* BaseView.swift */,
				768C2D692C33E27300B3C55C /* BaseViewController.swift */,
				768C2D6F2C33E60A00B3C55C /* BaseTableViewCell.swift */,
			);
			path = Base;
			sourceTree = "<group>";
		};
		768C2D662C33E03E00B3C55C /* Protocol */ = {
			isa = PBXGroup;
			children = (
				768C2D672C33E05B00B3C55C /* ReuseIdentifier.swift */,
			);
			path = Protocol;
			sourceTree = "<group>";
		};
		768C2D762C33EBBF00B3C55C /* Create */ = {
			isa = PBXGroup;
			children = (
				768C2D782C33EBDE00B3C55C /* Views */,
				768C2D772C33EBD400B3C55C /* Controllers */,
			);
			path = Create;
			sourceTree = "<group>";
		};
		768C2D772C33EBD400B3C55C /* Controllers */ = {
			isa = PBXGroup;
			children = (
				768C2D812C33F61500B3C55C /* CreateViewController.swift */,
			);
			path = Controllers;
			sourceTree = "<group>";
		};
		768C2D782C33EBDE00B3C55C /* Views */ = {
			isa = PBXGroup;
			children = (
				768C2D7F2C33F24A00B3C55C /* CreateTableViewCell.swift */,
				768C2D7D2C33EDAC00B3C55C /* CreateRootView.swift */,
			);
			path = Views;
			sourceTree = "<group>";
		};
		768C2D7A2C33ECF500B3C55C /* CustomView */ = {
			isa = PBXGroup;
			children = (
				768C2D6D2C33E43E00B3C55C /* GrayTextLabel.swift */,
				768C2D7B2C33ED4600B3C55C /* WhiteBackgroundView.swift */,
			);
			path = CustomView;
			sourceTree = "<group>";
		};
		768C2D862C34006100B3C55C /* ToDoManager */ = {
			isa = PBXGroup;
			children = (
				768C2D8B2C3400B200B3C55C /* ToDoModel.swift */,
				768C2D8D2C34015C00B3C55C /* ToDoManager.swift */,
			);
			path = ToDoManager;
			sourceTree = "<group>";
		};
/* End PBXGroup section */

/* Begin PBXNativeTarget section */
		768C2D402C33DE2F00B3C55C /* ToDo */ = {
			isa = PBXNativeTarget;
			buildConfigurationList = 768C2D552C33DE3000B3C55C /* Build configuration list for PBXNativeTarget "ToDo" */;
			buildPhases = (
				768C2D3D2C33DE2F00B3C55C /* Sources */,
				768C2D3E2C33DE2F00B3C55C /* Frameworks */,
				768C2D3F2C33DE2F00B3C55C /* Resources */,
				7612ABA82C34193200C1AB7A /* Embed Frameworks */,
			);
			buildRules = (
			);
			dependencies = (
			);
			name = ToDo;
			packageProductDependencies = (
				768C2D602C33DF4600B3C55C /* SnapKit */,
				7612ABA52C3418D800C1AB7A /* RealmSwift */,
			);
			productName = ToDo;
			productReference = 768C2D412C33DE2F00B3C55C /* ToDo.app */;
			productType = "com.apple.product-type.application";
		};
/* End PBXNativeTarget section */

/* Begin PBXProject section */
		768C2D392C33DE2F00B3C55C /* Project object */ = {
			isa = PBXProject;
			attributes = {
				BuildIndependentTargetsInParallel = 1;
				LastSwiftUpdateCheck = 1500;
				LastUpgradeCheck = 1500;
				TargetAttributes = {
					768C2D402C33DE2F00B3C55C = {
						CreatedOnToolsVersion = 15.0.1;
					};
				};
			};
			buildConfigurationList = 768C2D3C2C33DE2F00B3C55C /* Build configuration list for PBXProject "ToDo" */;
			compatibilityVersion = "Xcode 14.0";
			developmentRegion = en;
			hasScannedForEncodings = 0;
			knownRegions = (
				en,
				Base,
			);
			mainGroup = 768C2D382C33DE2F00B3C55C;
			packageReferences = (
				768C2D5F2C33DF4600B3C55C /* XCRemoteSwiftPackageReference "SnapKit" */,
				7612ABA42C3418D800C1AB7A /* XCRemoteSwiftPackageReference "realm-swift" */,
			);
			productRefGroup = 768C2D422C33DE2F00B3C55C /* Products */;
			projectDirPath = "";
			projectRoot = "";
			targets = (
				768C2D402C33DE2F00B3C55C /* ToDo */,
			);
		};
/* End PBXProject section */

/* Begin PBXResourcesBuildPhase section */
		768C2D3F2C33DE2F00B3C55C /* Resources */ = {
			isa = PBXResourcesBuildPhase;
			buildActionMask = 2147483647;
			files = (
				768C2D512C33DE3000B3C55C /* LaunchScreen.storyboard in Resources */,
				768C2D4E2C33DE3000B3C55C /* Assets.xcassets in Resources */,
			);
			runOnlyForDeploymentPostprocessing = 0;
		};
/* End PBXResourcesBuildPhase section */

/* Begin PBXSourcesBuildPhase section */
		768C2D3D2C33DE2F00B3C55C /* Sources */ = {
			isa = PBXSourcesBuildPhase;
			buildActionMask = 2147483647;
			files = (
				768C2D702C33E60A00B3C55C /* BaseTableViewCell.swift in Sources */,
				768C2D7C2C33ED4600B3C55C /* WhiteBackgroundView.swift in Sources */,
				768C2D8C2C3400B200B3C55C /* ToDoModel.swift in Sources */,
				768C2D822C33F61500B3C55C /* CreateViewController.swift in Sources */,
				768C2D802C33F24A00B3C55C /* CreateTableViewCell.swift in Sources */,
				768C2D7E2C33EDAC00B3C55C /* CreateRootView.swift in Sources */,
				768C2D452C33DE2F00B3C55C /* AppDelegate.swift in Sources */,
				768C2D6E2C33E43E00B3C55C /* GrayTextLabel.swift in Sources */,
				768C2D722C33E6E900B3C55C /* ListRootView.swift in Sources */,
				768C2D472C33DE2F00B3C55C /* SceneDelegate.swift in Sources */,
				768C2D5E2C33DF3100B3C55C /* BaseView.swift in Sources */,
				768C2D682C33E05B00B3C55C /* ReuseIdentifier.swift in Sources */,
				768C2D6A2C33E27300B3C55C /* BaseViewController.swift in Sources */,
				768C2D8E2C34015C00B3C55C /* ToDoManager.swift in Sources */,
				768C2D742C33E8DA00B3C55C /* ListViewController.swift in Sources */,
				768C2D6C2C33E37700B3C55C /* ListTableViewCell.swift in Sources */,
			);
			runOnlyForDeploymentPostprocessing = 0;
		};
/* End PBXSourcesBuildPhase section */

/* Begin PBXVariantGroup section */
		768C2D4F2C33DE3000B3C55C /* LaunchScreen.storyboard */ = {
			isa = PBXVariantGroup;
			children = (
				768C2D502C33DE3000B3C55C /* Base */,
			);
			name = LaunchScreen.storyboard;
			sourceTree = "<group>";
		};
/* End PBXVariantGroup section */

/* Begin XCBuildConfiguration section */
		768C2D532C33DE3000B3C55C /* Debug */ = {
			isa = XCBuildConfiguration;
			buildSettings = {
				ALWAYS_SEARCH_USER_PATHS = NO;
				ASSETCATALOG_COMPILER_GENERATE_SWIFT_ASSET_SYMBOL_EXTENSIONS = YES;
				CLANG_ANALYZER_NONNULL = YES;
				CLANG_ANALYZER_NUMBER_OBJECT_CONVERSION = YES_AGGRESSIVE;
				CLANG_CXX_LANGUAGE_STANDARD = "gnu++20";
				CLANG_ENABLE_MODULES = YES;
				CLANG_ENABLE_OBJC_ARC = YES;
				CLANG_ENABLE_OBJC_WEAK = YES;
				CLANG_WARN_BLOCK_CAPTURE_AUTORELEASING = YES;
				CLANG_WARN_BOOL_CONVERSION = YES;
				CLANG_WARN_COMMA = YES;
				CLANG_WARN_CONSTANT_CONVERSION = YES;
				CLANG_WARN_DEPRECATED_OBJC_IMPLEMENTATIONS = YES;
				CLANG_WARN_DIRECT_OBJC_ISA_USAGE = YES_ERROR;
				CLANG_WARN_DOCUMENTATION_COMMENTS = YES;
				CLANG_WARN_EMPTY_BODY = YES;
				CLANG_WARN_ENUM_CONVERSION = YES;
				CLANG_WARN_INFINITE_RECURSION = YES;
				CLANG_WARN_INT_CONVERSION = YES;
				CLANG_WARN_NON_LITERAL_NULL_CONVERSION = YES;
				CLANG_WARN_OBJC_IMPLICIT_RETAIN_SELF = YES;
				CLANG_WARN_OBJC_LITERAL_CONVERSION = YES;
				CLANG_WARN_OBJC_ROOT_CLASS = YES_ERROR;
				CLANG_WARN_QUOTED_INCLUDE_IN_FRAMEWORK_HEADER = YES;
				CLANG_WARN_RANGE_LOOP_ANALYSIS = YES;
				CLANG_WARN_STRICT_PROTOTYPES = YES;
				CLANG_WARN_SUSPICIOUS_MOVE = YES;
				CLANG_WARN_UNGUARDED_AVAILABILITY = YES_AGGRESSIVE;
				CLANG_WARN_UNREACHABLE_CODE = YES;
				CLANG_WARN__DUPLICATE_METHOD_MATCH = YES;
				COPY_PHASE_STRIP = NO;
				DEBUG_INFORMATION_FORMAT = dwarf;
				ENABLE_STRICT_OBJC_MSGSEND = YES;
				ENABLE_TESTABILITY = YES;
				ENABLE_USER_SCRIPT_SANDBOXING = YES;
				GCC_C_LANGUAGE_STANDARD = gnu17;
				GCC_DYNAMIC_NO_PIC = NO;
				GCC_NO_COMMON_BLOCKS = YES;
				GCC_OPTIMIZATION_LEVEL = 0;
				GCC_PREPROCESSOR_DEFINITIONS = (
					"DEBUG=1",
					"$(inherited)",
				);
				GCC_WARN_64_TO_32_BIT_CONVERSION = YES;
				GCC_WARN_ABOUT_RETURN_TYPE = YES_ERROR;
				GCC_WARN_UNDECLARED_SELECTOR = YES;
				GCC_WARN_UNINITIALIZED_AUTOS = YES_AGGRESSIVE;
				GCC_WARN_UNUSED_FUNCTION = YES;
				GCC_WARN_UNUSED_VARIABLE = YES;
				IPHONEOS_DEPLOYMENT_TARGET = 17.0;
				LOCALIZATION_PREFERS_STRING_CATALOGS = YES;
				MTL_ENABLE_DEBUG_INFO = INCLUDE_SOURCE;
				MTL_FAST_MATH = YES;
				ONLY_ACTIVE_ARCH = YES;
				SDKROOT = iphoneos;
				SWIFT_ACTIVE_COMPILATION_CONDITIONS = "DEBUG $(inherited)";
				SWIFT_OPTIMIZATION_LEVEL = "-Onone";
			};
			name = Debug;
		};
		768C2D542C33DE3000B3C55C /* Release */ = {
			isa = XCBuildConfiguration;
			buildSettings = {
				ALWAYS_SEARCH_USER_PATHS = NO;
				ASSETCATALOG_COMPILER_GENERATE_SWIFT_ASSET_SYMBOL_EXTENSIONS = YES;
				CLANG_ANALYZER_NONNULL = YES;
				CLANG_ANALYZER_NUMBER_OBJECT_CONVERSION = YES_AGGRESSIVE;
				CLANG_CXX_LANGUAGE_STANDARD = "gnu++20";
				CLANG_ENABLE_MODULES = YES;
				CLANG_ENABLE_OBJC_ARC = YES;
				CLANG_ENABLE_OBJC_WEAK = YES;
				CLANG_WARN_BLOCK_CAPTURE_AUTORELEASING = YES;
				CLANG_WARN_BOOL_CONVERSION = YES;
				CLANG_WARN_COMMA = YES;
				CLANG_WARN_CONSTANT_CONVERSION = YES;
				CLANG_WARN_DEPRECATED_OBJC_IMPLEMENTATIONS = YES;
				CLANG_WARN_DIRECT_OBJC_ISA_USAGE = YES_ERROR;
				CLANG_WARN_DOCUMENTATION_COMMENTS = YES;
				CLANG_WARN_EMPTY_BODY = YES;
				CLANG_WARN_ENUM_CONVERSION = YES;
				CLANG_WARN_INFINITE_RECURSION = YES;
				CLANG_WARN_INT_CONVERSION = YES;
				CLANG_WARN_NON_LITERAL_NULL_CONVERSION = YES;
				CLANG_WARN_OBJC_IMPLICIT_RETAIN_SELF = YES;
				CLANG_WARN_OBJC_LITERAL_CONVERSION = YES;
				CLANG_WARN_OBJC_ROOT_CLASS = YES_ERROR;
				CLANG_WARN_QUOTED_INCLUDE_IN_FRAMEWORK_HEADER = YES;
				CLANG_WARN_RANGE_LOOP_ANALYSIS = YES;
				CLANG_WARN_STRICT_PROTOTYPES = YES;
				CLANG_WARN_SUSPICIOUS_MOVE = YES;
				CLANG_WARN_UNGUARDED_AVAILABILITY = YES_AGGRESSIVE;
				CLANG_WARN_UNREACHABLE_CODE = YES;
				CLANG_WARN__DUPLICATE_METHOD_MATCH = YES;
				COPY_PHASE_STRIP = NO;
				DEBUG_INFORMATION_FORMAT = "dwarf-with-dsym";
				ENABLE_NS_ASSERTIONS = NO;
				ENABLE_STRICT_OBJC_MSGSEND = YES;
				ENABLE_USER_SCRIPT_SANDBOXING = YES;
				GCC_C_LANGUAGE_STANDARD = gnu17;
				GCC_NO_COMMON_BLOCKS = YES;
				GCC_WARN_64_TO_32_BIT_CONVERSION = YES;
				GCC_WARN_ABOUT_RETURN_TYPE = YES_ERROR;
				GCC_WARN_UNDECLARED_SELECTOR = YES;
				GCC_WARN_UNINITIALIZED_AUTOS = YES_AGGRESSIVE;
				GCC_WARN_UNUSED_FUNCTION = YES;
				GCC_WARN_UNUSED_VARIABLE = YES;
				IPHONEOS_DEPLOYMENT_TARGET = 17.0;
				LOCALIZATION_PREFERS_STRING_CATALOGS = YES;
				MTL_ENABLE_DEBUG_INFO = NO;
				MTL_FAST_MATH = YES;
				SDKROOT = iphoneos;
				SWIFT_COMPILATION_MODE = wholemodule;
				VALIDATE_PRODUCT = YES;
			};
			name = Release;
		};
		768C2D562C33DE3000B3C55C /* Debug */ = {
			isa = XCBuildConfiguration;
			buildSettings = {
				ASSETCATALOG_COMPILER_APPICON_NAME = AppIcon;
				ASSETCATALOG_COMPILER_GLOBAL_ACCENT_COLOR_NAME = AccentColor;
				CODE_SIGN_STYLE = Automatic;
				CURRENT_PROJECT_VERSION = 1;
				DEVELOPMENT_TEAM = A9AQ72K5MY;
				GENERATE_INFOPLIST_FILE = YES;
				INFOPLIST_FILE = ToDo/Info.plist;
				INFOPLIST_KEY_UIApplicationSupportsIndirectInputEvents = YES;
				INFOPLIST_KEY_UILaunchStoryboardName = LaunchScreen;
				INFOPLIST_KEY_UISupportedInterfaceOrientations = UIInterfaceOrientationPortrait;
				INFOPLIST_KEY_UISupportedInterfaceOrientations_iPad = UIInterfaceOrientationPortrait;
				IPHONEOS_DEPLOYMENT_TARGET = 16.0;
				LD_RUNPATH_SEARCH_PATHS = (
					"$(inherited)",
					"@executable_path/Frameworks",
				);
				MARKETING_VERSION = 1.0;
				PRODUCT_BUNDLE_IDENTIFIER = com.iyeah.ToDo;
				PRODUCT_NAME = "$(TARGET_NAME)";
				SUPPORTED_PLATFORMS = "iphoneos iphonesimulator";
				SUPPORTS_MACCATALYST = NO;
				SUPPORTS_MAC_DESIGNED_FOR_IPHONE_IPAD = NO;
				SWIFT_EMIT_LOC_STRINGS = YES;
				SWIFT_VERSION = 5.0;
				TARGETED_DEVICE_FAMILY = 1;
			};
			name = Debug;
		};
		768C2D572C33DE3000B3C55C /* Release */ = {
			isa = XCBuildConfiguration;
			buildSettings = {
				ASSETCATALOG_COMPILER_APPICON_NAME = AppIcon;
				ASSETCATALOG_COMPILER_GLOBAL_ACCENT_COLOR_NAME = AccentColor;
				CODE_SIGN_STYLE = Automatic;
				CURRENT_PROJECT_VERSION = 1;
				DEVELOPMENT_TEAM = A9AQ72K5MY;
				GENERATE_INFOPLIST_FILE = YES;
				INFOPLIST_FILE = ToDo/Info.plist;
				INFOPLIST_KEY_UIApplicationSupportsIndirectInputEvents = YES;
				INFOPLIST_KEY_UILaunchStoryboardName = LaunchScreen;
				INFOPLIST_KEY_UISupportedInterfaceOrientations = UIInterfaceOrientationPortrait;
				INFOPLIST_KEY_UISupportedInterfaceOrientations_iPad = UIInterfaceOrientationPortrait;
				IPHONEOS_DEPLOYMENT_TARGET = 16.0;
				LD_RUNPATH_SEARCH_PATHS = (
					"$(inherited)",
					"@executable_path/Frameworks",
				);
				MARKETING_VERSION = 1.0;
				PRODUCT_BUNDLE_IDENTIFIER = com.iyeah.ToDo;
				PRODUCT_NAME = "$(TARGET_NAME)";
				SUPPORTED_PLATFORMS = "iphoneos iphonesimulator";
				SUPPORTS_MACCATALYST = NO;
				SUPPORTS_MAC_DESIGNED_FOR_IPHONE_IPAD = NO;
				SWIFT_EMIT_LOC_STRINGS = YES;
				SWIFT_VERSION = 5.0;
				TARGETED_DEVICE_FAMILY = 1;
			};
			name = Release;
		};
/* End XCBuildConfiguration section */

/* Begin XCConfigurationList section */
		768C2D3C2C33DE2F00B3C55C /* Build configuration list for PBXProject "ToDo" */ = {
			isa = XCConfigurationList;
			buildConfigurations = (
				768C2D532C33DE3000B3C55C /* Debug */,
				768C2D542C33DE3000B3C55C /* Release */,
			);
			defaultConfigurationIsVisible = 0;
			defaultConfigurationName = Release;
		};
		768C2D552C33DE3000B3C55C /* Build configuration list for PBXNativeTarget "ToDo" */ = {
			isa = XCConfigurationList;
			buildConfigurations = (
				768C2D562C33DE3000B3C55C /* Debug */,
				768C2D572C33DE3000B3C55C /* Release */,
			);
			defaultConfigurationIsVisible = 0;
			defaultConfigurationName = Release;
		};
/* End XCConfigurationList section */

/* Begin XCRemoteSwiftPackageReference section */
		7612ABA42C3418D800C1AB7A /* XCRemoteSwiftPackageReference "realm-swift" */ = {
			isa = XCRemoteSwiftPackageReference;
			repositoryURL = "https://github.com/realm/realm-swift.git";
			requirement = {
				kind = exactVersion;
				version = 10.52.1;
			};
		};
		768C2D5F2C33DF4600B3C55C /* XCRemoteSwiftPackageReference "SnapKit" */ = {
			isa = XCRemoteSwiftPackageReference;
			repositoryURL = "https://github.com/SnapKit/SnapKit.git";
			requirement = {
				kind = upToNextMajorVersion;
				minimumVersion = 5.7.1;
			};
		};
/* End XCRemoteSwiftPackageReference section */

/* Begin XCSwiftPackageProductDependency section */
		7612ABA52C3418D800C1AB7A /* RealmSwift */ = {
			isa = XCSwiftPackageProductDependency;
			package = 7612ABA42C3418D800C1AB7A /* XCRemoteSwiftPackageReference "realm-swift" */;
			productName = RealmSwift;
		};
		768C2D602C33DF4600B3C55C /* SnapKit */ = {
			isa = XCSwiftPackageProductDependency;
			package = 768C2D5F2C33DF4600B3C55C /* XCRemoteSwiftPackageReference "SnapKit" */;
			productName = SnapKit;
		};
/* End XCSwiftPackageProductDependency section */
	};
	rootObject = 768C2D392C33DE2F00B3C55C /* Project object */;
}
